// !$*UTF8*$!
{
	archiveVersion = 1;
	classes = {
	};
	objectVersion = 56;
	objects = {

/* Begin PBXBuildFile section */
		150E76672AE03725008FC657 /* location_picker_swiftuiApp.swift in Sources */ = {isa = PBXBuildFile; fileRef = 150E76662AE03725008FC657 /* location_picker_swiftuiApp.swift */; };
		150E76692AE03725008FC657 /* ContentView.swift in Sources */ = {isa = PBXBuildFile; fileRef = 150E76682AE03725008FC657 /* ContentView.swift */; };
		150E766B2AE03727008FC657 /* Assets.xcassets in Resources */ = {isa = PBXBuildFile; fileRef = 150E766A2AE03727008FC657 /* Assets.xcassets */; };
		150E766E2AE03727008FC657 /* Preview Assets.xcassets in Resources */ = {isa = PBXBuildFile; fileRef = 150E766D2AE03727008FC657 /* Preview Assets.xcassets */; };
		150E76782AE03727008FC657 /* location_picker_swiftuiTests.swift in Sources */ = {isa = PBXBuildFile; fileRef = 150E76772AE03727008FC657 /* location_picker_swiftuiTests.swift */; };
		150E76822AE03727008FC657 /* location_picker_swiftuiUITests.swift in Sources */ = {isa = PBXBuildFile; fileRef = 150E76812AE03727008FC657 /* location_picker_swiftuiUITests.swift */; };
		150E76842AE03727008FC657 /* location_picker_swiftuiUITestsLaunchTests.swift in Sources */ = {isa = PBXBuildFile; fileRef = 150E76832AE03727008FC657 /* location_picker_swiftuiUITestsLaunchTests.swift */; };
		150E76932AE037D3008FC657 /* SceneDelegate.swift in Sources */ = {isa = PBXBuildFile; fileRef = 150E76902AE037D3008FC657 /* SceneDelegate.swift */; };
		150E76942AE037D3008FC657 /* AppDelegate.swift in Sources */ = {isa = PBXBuildFile; fileRef = 150E76912AE037D3008FC657 /* AppDelegate.swift */; };
		150E76952AE037D3008FC657 /* LocationManager.swift in Sources */ = {isa = PBXBuildFile; fileRef = 150E76922AE037D3008FC657 /* LocationManager.swift */; };
		1577360A2B28CD31009A45BF /* Extenstions.swift in Sources */ = {isa = PBXBuildFile; fileRef = 157736092B28CD31009A45BF /* Extenstions.swift */; };
		1577360C2B28CD3D009A45BF /* AppTexts.swift in Sources */ = {isa = PBXBuildFile; fileRef = 1577360B2B28CD3D009A45BF /* AppTexts.swift */; };
/* End PBXBuildFile section */

/* Begin PBXContainerItemProxy section */
		150E76742AE03727008FC657 /* PBXContainerItemProxy */ = {
			isa = PBXContainerItemProxy;
			containerPortal = 150E765B2AE03725008FC657 /* Project object */;
			proxyType = 1;
			remoteGlobalIDString = 150E76622AE03725008FC657;
			remoteInfo = "location-picker-swiftui";
		};
		150E767E2AE03727008FC657 /* PBXContainerItemProxy */ = {
			isa = PBXContainerItemProxy;
			containerPortal = 150E765B2AE03725008FC657 /* Project object */;
			proxyType = 1;
			remoteGlobalIDString = 150E76622AE03725008FC657;
			remoteInfo = "location-picker-swiftui";
		};
/* End PBXContainerItemProxy section */

/* Begin PBXFileReference section */
		150E76632AE03725008FC657 /* location-picker-swiftui.app */ = {isa = PBXFileReference; explicitFileType = wrapper.application; includeInIndex = 0; path = "location-picker-swiftui.app"; sourceTree = BUILT_PRODUCTS_DIR; };
		150E76662AE03725008FC657 /* location_picker_swiftuiApp.swift */ = {isa = PBXFileReference; lastKnownFileType = sourcecode.swift; path = location_picker_swiftuiApp.swift; sourceTree = "<group>"; };
		150E76682AE03725008FC657 /* ContentView.swift */ = {isa = PBXFileReference; lastKnownFileType = sourcecode.swift; path = ContentView.swift; sourceTree = "<group>"; };
		150E766A2AE03727008FC657 /* Assets.xcassets */ = {isa = PBXFileReference; lastKnownFileType = folder.assetcatalog; path = Assets.xcassets; sourceTree = "<group>"; };
		150E766D2AE03727008FC657 /* Preview Assets.xcassets */ = {isa = PBXFileReference; lastKnownFileType = folder.assetcatalog; path = "Preview Assets.xcassets"; sourceTree = "<group>"; };
		150E76732AE03727008FC657 /* location-picker-swiftuiTests.xctest */ = {isa = PBXFileReference; explicitFileType = wrapper.cfbundle; includeInIndex = 0; path = "location-picker-swiftuiTests.xctest"; sourceTree = BUILT_PRODUCTS_DIR; };
		150E76772AE03727008FC657 /* location_picker_swiftuiTests.swift */ = {isa = PBXFileReference; lastKnownFileType = sourcecode.swift; path = location_picker_swiftuiTests.swift; sourceTree = "<group>"; };
		150E767D2AE03727008FC657 /* location-picker-swiftuiUITests.xctest */ = {isa = PBXFileReference; explicitFileType = wrapper.cfbundle; includeInIndex = 0; path = "location-picker-swiftuiUITests.xctest"; sourceTree = BUILT_PRODUCTS_DIR; };
		150E76812AE03727008FC657 /* location_picker_swiftuiUITests.swift */ = {isa = PBXFileReference; lastKnownFileType = sourcecode.swift; path = location_picker_swiftuiUITests.swift; sourceTree = "<group>"; };
		150E76832AE03727008FC657 /* location_picker_swiftuiUITestsLaunchTests.swift */ = {isa = PBXFileReference; lastKnownFileType = sourcecode.swift; path = location_picker_swiftuiUITestsLaunchTests.swift; sourceTree = "<group>"; };
		150E76902AE037D3008FC657 /* SceneDelegate.swift */ = {isa = PBXFileReference; fileEncoding = 4; lastKnownFileType = sourcecode.swift; path = SceneDelegate.swift; sourceTree = "<group>"; };
		150E76912AE037D3008FC657 /* AppDelegate.swift */ = {isa = PBXFileReference; fileEncoding = 4; lastKnownFileType = sourcecode.swift; path = AppDelegate.swift; sourceTree = "<group>"; };
		150E76922AE037D3008FC657 /* LocationManager.swift */ = {isa = PBXFileReference; fileEncoding = 4; lastKnownFileType = sourcecode.swift; path = LocationManager.swift; sourceTree = "<group>"; };
		150E76962AE03885008FC657 /* Info.plist */ = {isa = PBXFileReference; lastKnownFileType = text.plist; path = Info.plist; sourceTree = "<group>"; };
		157736092B28CD31009A45BF /* Extenstions.swift */ = {isa = PBXFileReference; lastKnownFileType = sourcecode.swift; path = Extenstions.swift; sourceTree = "<group>"; };
		1577360B2B28CD3D009A45BF /* AppTexts.swift */ = {isa = PBXFileReference; lastKnownFileType = sourcecode.swift; path = AppTexts.swift; sourceTree = "<group>"; };
/* End PBXFileReference section */

/* Begin PBXFrameworksBuildPhase section */
		150E76602AE03725008FC657 /* Frameworks */ = {
			isa = PBXFrameworksBuildPhase;
			buildActionMask = 2147483647;
			files = (
			);
			runOnlyForDeploymentPostprocessing = 0;
		};
		150E76702AE03727008FC657 /* Frameworks */ = {
			isa = PBXFrameworksBuildPhase;
			buildActionMask = 2147483647;
			files = (
			);
			runOnlyForDeploymentPostprocessing = 0;
		};
		150E767A2AE03727008FC657 /* Frameworks */ = {
			isa = PBXFrameworksBuildPhase;
			buildActionMask = 2147483647;
			files = (
			);
			runOnlyForDeploymentPostprocessing = 0;
		};
/* End PBXFrameworksBuildPhase section */

/* Begin PBXGroup section */
		150E765A2AE03725008FC657 = {
			isa = PBXGroup;
			children = (
				150E76652AE03725008FC657 /* location-picker-swiftui */,
				150E76762AE03727008FC657 /* location-picker-swiftuiTests */,
				150E76802AE03727008FC657 /* location-picker-swiftuiUITests */,
				150E76642AE03725008FC657 /* Products */,
			);
			sourceTree = "<group>";
		};
		150E76642AE03725008FC657 /* Products */ = {
			isa = PBXGroup;
			children = (
				150E76632AE03725008FC657 /* location-picker-swiftui.app */,
				150E76732AE03727008FC657 /* location-picker-swiftuiTests.xctest */,
				150E767D2AE03727008FC657 /* location-picker-swiftuiUITests.xctest */,
			);
			name = Products;
			sourceTree = "<group>";
		};
		150E76652AE03725008FC657 /* location-picker-swiftui */ = {
			isa = PBXGroup;
			children = (
				150E76962AE03885008FC657 /* Info.plist */,
				150E76972AE03987008FC657 /* App Delegates */,
				150E76982AE0399D008FC657 /* View Model */,
				150E76662AE03725008FC657 /* location_picker_swiftuiApp.swift */,
				157736092B28CD31009A45BF /* Extenstions.swift */,
				1577360B2B28CD3D009A45BF /* AppTexts.swift */,
				150E76682AE03725008FC657 /* ContentView.swift */,
				150E766A2AE03727008FC657 /* Assets.xcassets */,
				150E766C2AE03727008FC657 /* Preview Content */,
			);
			path = "location-picker-swiftui";
			sourceTree = "<group>";
		};
		150E766C2AE03727008FC657 /* Preview Content */ = {
			isa = PBXGroup;
			children = (
				150E766D2AE03727008FC657 /* Preview Assets.xcassets */,
			);
			path = "Preview Content";
			sourceTree = "<group>";
		};
		150E76762AE03727008FC657 /* location-picker-swiftuiTests */ = {
			isa = PBXGroup;
			children = (
				150E76772AE03727008FC657 /* location_picker_swiftuiTests.swift */,
			);
			path = "location-picker-swiftuiTests";
			sourceTree = "<group>";
		};
		150E76802AE03727008FC657 /* location-picker-swiftuiUITests */ = {
			isa = PBXGroup;
			children = (
				150E76812AE03727008FC657 /* location_picker_swiftuiUITests.swift */,
				150E76832AE03727008FC657 /* location_picker_swiftuiUITestsLaunchTests.swift */,
			);
			path = "location-picker-swiftuiUITests";
			sourceTree = "<group>";
		};
		150E76972AE03987008FC657 /* App Delegates */ = {
			isa = PBXGroup;
			children = (
				150E76912AE037D3008FC657 /* AppDelegate.swift */,
				150E76902AE037D3008FC657 /* SceneDelegate.swift */,
			);
			path = "App Delegates";
			sourceTree = "<group>";
		};
		150E76982AE0399D008FC657 /* View Model */ = {
			isa = PBXGroup;
			children = (
				150E76922AE037D3008FC657 /* LocationManager.swift */,
			);
			path = "View Model";
			sourceTree = "<group>";
		};
/* End PBXGroup section */

/* Begin PBXNativeTarget section */
		150E76622AE03725008FC657 /* location-picker-swiftui */ = {
			isa = PBXNativeTarget;
			buildConfigurationList = 150E76872AE03727008FC657 /* Build configuration list for PBXNativeTarget "location-picker-swiftui" */;
			buildPhases = (
				150E765F2AE03725008FC657 /* Sources */,
				150E76602AE03725008FC657 /* Frameworks */,
				150E76612AE03725008FC657 /* Resources */,
			);
			buildRules = (
			);
			dependencies = (
			);
			name = "location-picker-swiftui";
			productName = "location-picker-swiftui";
			productReference = 150E76632AE03725008FC657 /* location-picker-swiftui.app */;
			productType = "com.apple.product-type.application";
		};
		150E76722AE03727008FC657 /* location-picker-swiftuiTests */ = {
			isa = PBXNativeTarget;
			buildConfigurationList = 150E768A2AE03727008FC657 /* Build configuration list for PBXNativeTarget "location-picker-swiftuiTests" */;
			buildPhases = (
				150E766F2AE03727008FC657 /* Sources */,
				150E76702AE03727008FC657 /* Frameworks */,
				150E76712AE03727008FC657 /* Resources */,
			);
			buildRules = (
			);
			dependencies = (
				150E76752AE03727008FC657 /* PBXTargetDependency */,
			);
			name = "location-picker-swiftuiTests";
			productName = "location-picker-swiftuiTests";
			productReference = 150E76732AE03727008FC657 /* location-picker-swiftuiTests.xctest */;
			productType = "com.apple.product-type.bundle.unit-test";
		};
		150E767C2AE03727008FC657 /* location-picker-swiftuiUITests */ = {
			isa = PBXNativeTarget;
			buildConfigurationList = 150E768D2AE03727008FC657 /* Build configuration list for PBXNativeTarget "location-picker-swiftuiUITests" */;
			buildPhases = (
				150E76792AE03727008FC657 /* Sources */,
				150E767A2AE03727008FC657 /* Frameworks */,
				150E767B2AE03727008FC657 /* Resources */,
			);
			buildRules = (
			);
			dependencies = (
				150E767F2AE03727008FC657 /* PBXTargetDependency */,
			);
			name = "location-picker-swiftuiUITests";
			productName = "location-picker-swiftuiUITests";
			productReference = 150E767D2AE03727008FC657 /* location-picker-swiftuiUITests.xctest */;
			productType = "com.apple.product-type.bundle.ui-testing";
		};
/* End PBXNativeTarget section */

/* Begin PBXProject section */
		150E765B2AE03725008FC657 /* Project object */ = {
			isa = PBXProject;
			attributes = {
				BuildIndependentTargetsInParallel = 1;
				LastSwiftUpdateCheck = 1500;
				LastUpgradeCheck = 1500;
				TargetAttributes = {
					150E76622AE03725008FC657 = {
						CreatedOnToolsVersion = 15.0;
					};
					150E76722AE03727008FC657 = {
						CreatedOnToolsVersion = 15.0;
						TestTargetID = 150E76622AE03725008FC657;
					};
					150E767C2AE03727008FC657 = {
						CreatedOnToolsVersion = 15.0;
						TestTargetID = 150E76622AE03725008FC657;
					};
				};
			};
			buildConfigurationList = 150E765E2AE03725008FC657 /* Build configuration list for PBXProject "location-picker-swiftui" */;
			compatibilityVersion = "Xcode 14.0";
			developmentRegion = en;
			hasScannedForEncodings = 0;
			knownRegions = (
				en,
				Base,
			);
			mainGroup = 150E765A2AE03725008FC657;
			productRefGroup = 150E76642AE03725008FC657 /* Products */;
			projectDirPath = "";
			projectRoot = "";
			targets = (
				150E76622AE03725008FC657 /* location-picker-swiftui */,
				150E76722AE03727008FC657 /* location-picker-swiftuiTests */,
				150E767C2AE03727008FC657 /* location-picker-swiftuiUITests */,
			);
		};
/* End PBXProject section */

/* Begin PBXResourcesBuildPhase section */
		150E76612AE03725008FC657 /* Resources */ = {
			isa = PBXResourcesBuildPhase;
			buildActionMask = 2147483647;
			files = (
				150E766E2AE03727008FC657 /* Preview Assets.xcassets in Resources */,
				150E766B2AE03727008FC657 /* Assets.xcassets in Resources */,
			);
			runOnlyForDeploymentPostprocessing = 0;
		};
		150E76712AE03727008FC657 /* Resources */ = {
			isa = PBXResourcesBuildPhase;
			buildActionMask = 2147483647;
			files = (
			);
			runOnlyForDeploymentPostprocessing = 0;
		};
		150E767B2AE03727008FC657 /* Resources */ = {
			isa = PBXResourcesBuildPhase;
			buildActionMask = 2147483647;
			files = (
			);
			runOnlyForDeploymentPostprocessing = 0;
		};
/* End PBXResourcesBuildPhase section */

/* Begin PBXSourcesBuildPhase section */
		150E765F2AE03725008FC657 /* Sources */ = {
			isa = PBXSourcesBuildPhase;
			buildActionMask = 2147483647;
			files = (
				1577360C2B28CD3D009A45BF /* AppTexts.swift in Sources */,
				150E76942AE037D3008FC657 /* AppDelegate.swift in Sources */,
				150E76692AE03725008FC657 /* ContentView.swift in Sources */,
				150E76952AE037D3008FC657 /* LocationManager.swift in Sources */,
				150E76672AE03725008FC657 /* location_picker_swiftuiApp.swift in Sources */,
				1577360A2B28CD31009A45BF /* Extenstions.swift in Sources */,
				150E76932AE037D3008FC657 /* SceneDelegate.swift in Sources */,
			);
			runOnlyForDeploymentPostprocessing = 0;
		};
		150E766F2AE03727008FC657 /* Sources */ = {
			isa = PBXSourcesBuildPhase;
			buildActionMask = 2147483647;
			files = (
				150E76782AE03727008FC657 /* location_picker_swiftuiTests.swift in Sources */,
			);
			runOnlyForDeploymentPostprocessing = 0;
		};
		150E76792AE03727008FC657 /* Sources */ = {
			isa = PBXSourcesBuildPhase;
			buildActionMask = 2147483647;
			files = (
				150E76822AE03727008FC657 /* location_picker_swiftuiUITests.swift in Sources */,
				150E76842AE03727008FC657 /* location_picker_swiftuiUITestsLaunchTests.swift in Sources */,
			);
			runOnlyForDeploymentPostprocessing = 0;
		};
/* End PBXSourcesBuildPhase section */

/* Begin PBXTargetDependency section */
		150E76752AE03727008FC657 /* PBXTargetDependency */ = {
			isa = PBXTargetDependency;
			target = 150E76622AE03725008FC657 /* location-picker-swiftui */;
			targetProxy = 150E76742AE03727008FC657 /* PBXContainerItemProxy */;
		};
		150E767F2AE03727008FC657 /* PBXTargetDependency */ = {
			isa = PBXTargetDependency;
			target = 150E76622AE03725008FC657 /* location-picker-swiftui */;
			targetProxy = 150E767E2AE03727008FC657 /* PBXContainerItemProxy */;
		};
/* End PBXTargetDependency section */

/* Begin XCBuildConfiguration section */
		150E76852AE03727008FC657 /* Debug */ = {
			isa = XCBuildConfiguration;
			buildSettings = {
				ALWAYS_SEARCH_USER_PATHS = NO;
				ASSETCATALOG_COMPILER_GENERATE_SWIFT_ASSET_SYMBOL_EXTENSIONS = YES;
				CLANG_ANALYZER_NONNULL = YES;
				CLANG_ANALYZER_NUMBER_OBJECT_CONVERSION = YES_AGGRESSIVE;
				CLANG_CXX_LANGUAGE_STANDARD = "gnu++20";
				CLANG_ENABLE_MODULES = YES;
				CLANG_ENABLE_OBJC_ARC = YES;
				CLANG_ENABLE_OBJC_WEAK = YES;
				CLANG_WARN_BLOCK_CAPTURE_AUTORELEASING = YES;
				CLANG_WARN_BOOL_CONVERSION = YES;
				CLANG_WARN_COMMA = YES;
				CLANG_WARN_CONSTANT_CONVERSION = YES;
				CLANG_WARN_DEPRECATED_OBJC_IMPLEMENTATIONS = YES;
				CLANG_WARN_DIRECT_OBJC_ISA_USAGE = YES_ERROR;
				CLANG_WARN_DOCUMENTATION_COMMENTS = YES;
				CLANG_WARN_EMPTY_BODY = YES;
				CLANG_WARN_ENUM_CONVERSION = YES;
				CLANG_WARN_INFINITE_RECURSION = YES;
				CLANG_WARN_INT_CONVERSION = YES;
				CLANG_WARN_NON_LITERAL_NULL_CONVERSION = YES;
				CLANG_WARN_OBJC_IMPLICIT_RETAIN_SELF = YES;
				CLANG_WARN_OBJC_LITERAL_CONVERSION = YES;
				CLANG_WARN_OBJC_ROOT_CLASS = YES_ERROR;
				CLANG_WARN_QUOTED_INCLUDE_IN_FRAMEWORK_HEADER = YES;
				CLANG_WARN_RANGE_LOOP_ANALYSIS = YES;
				CLANG_WARN_STRICT_PROTOTYPES = YES;
				CLANG_WARN_SUSPICIOUS_MOVE = YES;
				CLANG_WARN_UNGUARDED_AVAILABILITY = YES_AGGRESSIVE;
				CLANG_WARN_UNREACHABLE_CODE = YES;
				CLANG_WARN__DUPLICATE_METHOD_MATCH = YES;
				COPY_PHASE_STRIP = NO;
				DEBUG_INFORMATION_FORMAT = dwarf;
				ENABLE_STRICT_OBJC_MSGSEND = YES;
				ENABLE_TESTABILITY = YES;
				ENABLE_USER_SCRIPT_SANDBOXING = YES;
				GCC_C_LANGUAGE_STANDARD = gnu17;
				GCC_DYNAMIC_NO_PIC = NO;
				GCC_NO_COMMON_BLOCKS = YES;
				GCC_OPTIMIZATION_LEVEL = 0;
				GCC_PREPROCESSOR_DEFINITIONS = (
					"DEBUG=1",
					"$(inherited)",
				);
				GCC_WARN_64_TO_32_BIT_CONVERSION = YES;
				GCC_WARN_ABOUT_RETURN_TYPE = YES_ERROR;
				GCC_WARN_UNDECLARED_SELECTOR = YES;
				GCC_WARN_UNINITIALIZED_AUTOS = YES_AGGRESSIVE;
				GCC_WARN_UNUSED_FUNCTION = YES;
				GCC_WARN_UNUSED_VARIABLE = YES;
				IPHONEOS_DEPLOYMENT_TARGET = 17.0;
				LOCALIZATION_PREFERS_STRING_CATALOGS = YES;
				MTL_ENABLE_DEBUG_INFO = INCLUDE_SOURCE;
				MTL_FAST_MATH = YES;
				ONLY_ACTIVE_ARCH = YES;
				SDKROOT = iphoneos;
				SWIFT_ACTIVE_COMPILATION_CONDITIONS = "DEBUG $(inherited)";
				SWIFT_OPTIMIZATION_LEVEL = "-Onone";
			};
			name = Debug;
		};
		150E76862AE03727008FC657 /* Release */ = {
			isa = XCBuildConfiguration;
			buildSettings = {
				ALWAYS_SEARCH_USER_PATHS = NO;
				ASSETCATALOG_COMPILER_GENERATE_SWIFT_ASSET_SYMBOL_EXTENSIONS = YES;
				CLANG_ANALYZER_NONNULL = YES;
				CLANG_ANALYZER_NUMBER_OBJECT_CONVERSION = YES_AGGRESSIVE;
				CLANG_CXX_LANGUAGE_STANDARD = "gnu++20";
				CLANG_ENABLE_MODULES = YES;
				CLANG_ENABLE_OBJC_ARC = YES;
				CLANG_ENABLE_OBJC_WEAK = YES;
				CLANG_WARN_BLOCK_CAPTURE_AUTORELEASING = YES;
				CLANG_WARN_BOOL_CONVERSION = YES;
				CLANG_WARN_COMMA = YES;
				CLANG_WARN_CONSTANT_CONVERSION = YES;
				CLANG_WARN_DEPRECATED_OBJC_IMPLEMENTATIONS = YES;
				CLANG_WARN_DIRECT_OBJC_ISA_USAGE = YES_ERROR;
				CLANG_WARN_DOCUMENTATION_COMMENTS = YES;
				CLANG_WARN_EMPTY_BODY = YES;
				CLANG_WARN_ENUM_CONVERSION = YES;
				CLANG_WARN_INFINITE_RECURSION = YES;
				CLANG_WARN_INT_CONVERSION = YES;
				CLANG_WARN_NON_LITERAL_NULL_CONVERSION = YES;
				CLANG_WARN_OBJC_IMPLICIT_RETAIN_SELF = YES;
				CLANG_WARN_OBJC_LITERAL_CONVERSION = YES;
				CLANG_WARN_OBJC_ROOT_CLASS = YES_ERROR;
				CLANG_WARN_QUOTED_INCLUDE_IN_FRAMEWORK_HEADER = YES;
				CLANG_WARN_RANGE_LOOP_ANALYSIS = YES;
				CLANG_WARN_STRICT_PROTOTYPES = YES;
				CLANG_WARN_SUSPICIOUS_MOVE = YES;
				CLANG_WARN_UNGUARDED_AVAILABILITY = YES_AGGRESSIVE;
				CLANG_WARN_UNREACHABLE_CODE = YES;
				CLANG_WARN__DUPLICATE_METHOD_MATCH = YES;
				COPY_PHASE_STRIP = NO;
				DEBUG_INFORMATION_FORMAT = "dwarf-with-dsym";
				ENABLE_NS_ASSERTIONS = NO;
				ENABLE_STRICT_OBJC_MSGSEND = YES;
				ENABLE_USER_SCRIPT_SANDBOXING = YES;
				GCC_C_LANGUAGE_STANDARD = gnu17;
				GCC_NO_COMMON_BLOCKS = YES;
				GCC_WARN_64_TO_32_BIT_CONVERSION = YES;
				GCC_WARN_ABOUT_RETURN_TYPE = YES_ERROR;
				GCC_WARN_UNDECLARED_SELECTOR = YES;
				GCC_WARN_UNINITIALIZED_AUTOS = YES_AGGRESSIVE;
				GCC_WARN_UNUSED_FUNCTION = YES;
				GCC_WARN_UNUSED_VARIABLE = YES;
				IPHONEOS_DEPLOYMENT_TARGET = 17.0;
				LOCALIZATION_PREFERS_STRING_CATALOGS = YES;
				MTL_ENABLE_DEBUG_INFO = NO;
				MTL_FAST_MATH = YES;
				SDKROOT = iphoneos;
				SWIFT_COMPILATION_MODE = wholemodule;
				VALIDATE_PRODUCT = YES;
			};
			name = Release;
		};
		150E76882AE03727008FC657 /* Debug */ = {
			isa = XCBuildConfiguration;
			buildSettings = {
				ASSETCATALOG_COMPILER_APPICON_NAME = AppIcon;
				ASSETCATALOG_COMPILER_GLOBAL_ACCENT_COLOR_NAME = AccentColor;
				CODE_SIGN_IDENTITY = "Apple Development";
				CODE_SIGN_STYLE = Manual;
				CURRENT_PROJECT_VERSION = 1;
				DEVELOPMENT_ASSET_PATHS = "\"location-picker-swiftui/Preview Content\"";
				DEVELOPMENT_TEAM = "";
				ENABLE_PREVIEWS = YES;
				GENERATE_INFOPLIST_FILE = YES;
				INFOPLIST_FILE = "location-picker-swiftui/Info.plist";
				INFOPLIST_KEY_NSLocationAlwaysAndWhenInUseUsageDescription = "Location Picker wants to access to your location always and when in use";
				INFOPLIST_KEY_NSLocationWhenInUseUsageDescription = "Location Picker wants to access to your location when in use";
				INFOPLIST_KEY_UIApplicationSceneManifest_Generation = YES;
				INFOPLIST_KEY_UIApplicationSupportsIndirectInputEvents = YES;
				INFOPLIST_KEY_UILaunchScreen_Generation = YES;
				INFOPLIST_KEY_UISupportedInterfaceOrientations_iPad = "UIInterfaceOrientationPortrait UIInterfaceOrientationPortraitUpsideDown UIInterfaceOrientationLandscapeLeft UIInterfaceOrientationLandscapeRight";
				INFOPLIST_KEY_UISupportedInterfaceOrientations_iPhone = "UIInterfaceOrientationPortrait UIInterfaceOrientationLandscapeLeft UIInterfaceOrientationLandscapeRight";
				IPHONEOS_DEPLOYMENT_TARGET = 15.0;
				LD_RUNPATH_SEARCH_PATHS = (
					"$(inherited)",
					"@executable_path/Frameworks",
				);
				MARKETING_VERSION = 1.0;
				PRODUCT_BUNDLE_IDENTIFIER = "com.me.location-picker-swiftui";
				PRODUCT_NAME = "$(TARGET_NAME)";
				PROVISIONING_PROFILE_SPECIFIER = "";
				SWIFT_EMIT_LOC_STRINGS = YES;
				SWIFT_VERSION = 5.0;
				TARGETED_DEVICE_FAMILY = "1,2";
			};
			name = Debug;
		};
		150E76892AE03727008FC657 /* Release */ = {
			isa = XCBuildConfiguration;
			buildSettings = {
				ASSETCATALOG_COMPILER_APPICON_NAME = AppIcon;
				ASSETCATALOG_COMPILER_GLOBAL_ACCENT_COLOR_NAME = AccentColor;
				CODE_SIGN_IDENTITY = "Apple Development";
				CODE_SIGN_STYLE = Manual;
				CURRENT_PROJECT_VERSION = 1;
				DEVELOPMENT_ASSET_PATHS = "\"location-picker-swiftui/Preview Content\"";
				DEVELOPMENT_TEAM = "";
				ENABLE_PREVIEWS = YES;
				GENERATE_INFOPLIST_FILE = YES;
				INFOPLIST_FILE = "location-picker-swiftui/Info.plist";
				INFOPLIST_KEY_NSLocationAlwaysAndWhenInUseUsageDescription = "Location Picker wants to access to your location always and when in use";
				INFOPLIST_KEY_NSLocationWhenInUseUsageDescription = "Location Picker wants to access to your location when in use";
				INFOPLIST_KEY_UIApplicationSceneManifest_Generation = YES;
				INFOPLIST_KEY_UIApplicationSupportsIndirectInputEvents = YES;
				INFOPLIST_KEY_UILaunchScreen_Generation = YES;
				INFOPLIST_KEY_UISupportedInterfaceOrientations_iPad = "UIInterfaceOrientationPortrait UIInterfaceOrientationPortraitUpsideDown UIInterfaceOrientationLandscapeLeft UIInterfaceOrientationLandscapeRight";
				INFOPLIST_KEY_UISupportedInterfaceOrientations_iPhone = "UIInterfaceOrientationPortrait UIInterfaceOrientationLandscapeLeft UIInterfaceOrientationLandscapeRight";
				IPHONEOS_DEPLOYMENT_TARGET = 15.0;
				LD_RUNPATH_SEARCH_PATHS = (
					"$(inherited)",
					"@executable_path/Frameworks",
				);
				MARKETING_VERSION = 1.0;
				PRODUCT_BUNDLE_IDENTIFIER = "com.me.location-picker-swiftui";
				PRODUCT_NAME = "$(TARGET_NAME)";
				PROVISIONING_PROFILE_SPECIFIER = "";
				SWIFT_EMIT_LOC_STRINGS = YES;
				SWIFT_VERSION = 5.0;
				TARGETED_DEVICE_FAMILY = "1,2";
			};
			name = Release;
		};
		150E768B2AE03727008FC657 /* Debug */ = {
			isa = XCBuildConfiguration;
			buildSettings = {
				ALWAYS_EMBED_SWIFT_STANDARD_LIBRARIES = YES;
				BUNDLE_LOADER = "$(TEST_HOST)";
				CODE_SIGN_STYLE = Automatic;
				CURRENT_PROJECT_VERSION = 1;
				GENERATE_INFOPLIST_FILE = YES;
				IPHONEOS_DEPLOYMENT_TARGET = 17.0;
				MARKETING_VERSION = 1.0;
				PRODUCT_BUNDLE_IDENTIFIER = "com.me.location-picker-swiftuiTests";
				PRODUCT_NAME = "$(TARGET_NAME)";
				SWIFT_EMIT_LOC_STRINGS = NO;
				SWIFT_VERSION = 5.0;
				TARGETED_DEVICE_FAMILY = "1,2";
				TEST_HOST = "$(BUILT_PRODUCTS_DIR)/location-picker-swiftui.app/$(BUNDLE_EXECUTABLE_FOLDER_PATH)/location-picker-swiftui";
			};
			name = Debug;
		};
		150E768C2AE03727008FC657 /* Release */ = {
			isa = XCBuildConfiguration;
			buildSettings = {
				ALWAYS_EMBED_SWIFT_STANDARD_LIBRARIES = YES;
				BUNDLE_LOADER = "$(TEST_HOST)";
				CODE_SIGN_STYLE = Automatic;
				CURRENT_PROJECT_VERSION = 1;
				GENERATE_INFOPLIST_FILE = YES;
				IPHONEOS_DEPLOYMENT_TARGET = 17.0;
				MARKETING_VERSION = 1.0;
				PRODUCT_BUNDLE_IDENTIFIER = "com.me.location-picker-swiftuiTests";
				PRODUCT_NAME = "$(TARGET_NAME)";
				SWIFT_EMIT_LOC_STRINGS = NO;
				SWIFT_VERSION = 5.0;
				TARGETED_DEVICE_FAMILY = "1,2";
				TEST_HOST = "$(BUILT_PRODUCTS_DIR)/location-picker-swiftui.app/$(BUNDLE_EXECUTABLE_FOLDER_PATH)/location-picker-swiftui";
			};
			name = Release;
		};
		150E768E2AE03727008FC657 /* Debug */ = {
			isa = XCBuildConfiguration;
			buildSettings = {
				ALWAYS_EMBED_SWIFT_STANDARD_LIBRARIES = YES;
				CODE_SIGN_STYLE = Automatic;
				CURRENT_PROJECT_VERSION = 1;
				GENERATE_INFOPLIST_FILE = YES;
				MARKETING_VERSION = 1.0;
				PRODUCT_BUNDLE_IDENTIFIER = "com.me.location-picker-swiftuiUITests";
				PRODUCT_NAME = "$(TARGET_NAME)";
				SWIFT_EMIT_LOC_STRINGS = NO;
				SWIFT_VERSION = 5.0;
				TARGETED_DEVICE_FAMILY = "1,2";
				TEST_TARGET_NAME = "location-picker-swiftui";
			};
			name = Debug;
		};
		150E768F2AE03727008FC657 /* Release */ = {
			isa = XCBuildConfiguration;
			buildSettings = {
				ALWAYS_EMBED_SWIFT_STANDARD_LIBRARIES = YES;
				CODE_SIGN_STYLE = Automatic;
				CURRENT_PROJECT_VERSION = 1;
				GENERATE_INFOPLIST_FILE = YES;
				MARKETING_VERSION = 1.0;
				PRODUCT_BUNDLE_IDENTIFIER = "com.me.location-picker-swiftuiUITests";
				PRODUCT_NAME = "$(TARGET_NAME)";
				SWIFT_EMIT_LOC_STRINGS = NO;
				SWIFT_VERSION = 5.0;
				TARGETED_DEVICE_FAMILY = "1,2";
				TEST_TARGET_NAME = "location-picker-swiftui";
			};
			name = Release;
		};
/* End XCBuildConfiguration section */

/* Begin XCConfigurationList section */
		150E765E2AE03725008FC657 /* Build configuration list for PBXProject "location-picker-swiftui" */ = {
			isa = XCConfigurationList;
			buildConfigurations = (
				150E76852AE03727008FC657 /* Debug */,
				150E76862AE03727008FC657 /* Release */,
			);
			defaultConfigurationIsVisible = 0;
			defaultConfigurationName = Release;
		};
		150E76872AE03727008FC657 /* Build configuration list for PBXNativeTarget "location-picker-swiftui" */ = {
			isa = XCConfigurationList;
			buildConfigurations = (
				150E76882AE03727008FC657 /* Debug */,
				150E76892AE03727008FC657 /* Release */,
			);
			defaultConfigurationIsVisible = 0;
			defaultConfigurationName = Release;
		};
		150E768A2AE03727008FC657 /* Build configuration list for PBXNativeTarget "location-picker-swiftuiTests" */ = {
			isa = XCConfigurationList;
			buildConfigurations = (
				150E768B2AE03727008FC657 /* Debug */,
				150E768C2AE03727008FC657 /* Release */,
			);
			defaultConfigurationIsVisible = 0;
			defaultConfigurationName = Release;
		};
		150E768D2AE03727008FC657 /* Build configuration list for PBXNativeTarget "location-picker-swiftuiUITests" */ = {
			isa = XCConfigurationList;
			buildConfigurations = (
				150E768E2AE03727008FC657 /* Debug */,
				150E768F2AE03727008FC657 /* Release */,
			);
			defaultConfigurationIsVisible = 0;
			defaultConfigurationName = Release;
		};
/* End XCConfigurationList section */
	};
	rootObject = 150E765B2AE03725008FC657 /* Project object */;
}
